// !$*UTF8*$!
{
	archiveVersion = 1;
	classes = {
	};
	objectVersion = 50;
	objects = {

/* Begin PBXBuildFile section */
		014E445C227E244300ACE2C5 /* AppDelegate.m in Sources */ = {isa = PBXBuildFile; fileRef = 014E445B227E244300ACE2C5 /* AppDelegate.m */; };
		014E445F227E244300ACE2C5 /* ViewController.m in Sources */ = {isa = PBXBuildFile; fileRef = 014E445E227E244300ACE2C5 /* ViewController.m */; };
		014E4462227E244300ACE2C5 /* Main.storyboard in Resources */ = {isa = PBXBuildFile; fileRef = 014E4460227E244300ACE2C5 /* Main.storyboard */; };
		014E4464227E244600ACE2C5 /* Assets.xcassets in Resources */ = {isa = PBXBuildFile; fileRef = 014E4463227E244600ACE2C5 /* Assets.xcassets */; };
		014E4467227E244600ACE2C5 /* LaunchScreen.storyboard in Resources */ = {isa = PBXBuildFile; fileRef = 014E4465227E244600ACE2C5 /* LaunchScreen.storyboard */; };
		014E446A227E244600ACE2C5 /* main.m in Sources */ = {isa = PBXBuildFile; fileRef = 014E4469227E244600ACE2C5 /* main.m */; };
		014E4472227E339700ACE2C5 /* Student.m in Sources */ = {isa = PBXBuildFile; fileRef = 014E4471227E339700ACE2C5 /* Student.m */; };
		014E4475227E441500ACE2C5 /* Patient.m in Sources */ = {isa = PBXBuildFile; fileRef = 014E4474227E441500ACE2C5 /* Patient.m */; };
/* End PBXBuildFile section */

/* Begin PBXFileReference section */
		014E4457227E244300ACE2C5 /* HW12Blocks.app */ = {isa = PBXFileReference; explicitFileType = wrapper.application; includeInIndex = 0; path = HW12Blocks.app; sourceTree = BUILT_PRODUCTS_DIR; };
		014E445A227E244300ACE2C5 /* AppDelegate.h */ = {isa = PBXFileReference; lastKnownFileType = sourcecode.c.h; path = AppDelegate.h; sourceTree = "<group>"; };
		014E445B227E244300ACE2C5 /* AppDelegate.m */ = {isa = PBXFileReference; lastKnownFileType = sourcecode.c.objc; path = AppDelegate.m; sourceTree = "<group>"; };
		014E445D227E244300ACE2C5 /* ViewController.h */ = {isa = PBXFileReference; lastKnownFileType = sourcecode.c.h; path = ViewController.h; sourceTree = "<group>"; };
		014E445E227E244300ACE2C5 /* ViewController.m */ = {isa = PBXFileReference; lastKnownFileType = sourcecode.c.objc; path = ViewController.m; sourceTree = "<group>"; };
		014E4461227E244300ACE2C5 /* Base */ = {isa = PBXFileReference; lastKnownFileType = file.storyboard; name = Base; path = Base.lproj/Main.storyboard; sourceTree = "<group>"; };
		014E4463227E244600ACE2C5 /* Assets.xcassets */ = {isa = PBXFileReference; lastKnownFileType = folder.assetcatalog; path = Assets.xcassets; sourceTree = "<group>"; };
		014E4466227E244600ACE2C5 /* Base */ = {isa = PBXFileReference; lastKnownFileType = file.storyboard; name = Base; path = Base.lproj/LaunchScreen.storyboard; sourceTree = "<group>"; };
		014E4468227E244600ACE2C5 /* Info.plist */ = {isa = PBXFileReference; lastKnownFileType = text.plist.xml; path = Info.plist; sourceTree = "<group>"; };
		014E4469227E244600ACE2C5 /* main.m */ = {isa = PBXFileReference; lastKnownFileType = sourcecode.c.objc; path = main.m; sourceTree = "<group>"; };
		014E4470227E339700ACE2C5 /* Student.h */ = {isa = PBXFileReference; lastKnownFileType = sourcecode.c.h; path = Student.h; sourceTree = "<group>"; };
		014E4471227E339700ACE2C5 /* Student.m */ = {isa = PBXFileReference; lastKnownFileType = sourcecode.c.objc; path = Student.m; sourceTree = "<group>"; };
		014E4473227E441500ACE2C5 /* Patient.h */ = {isa = PBXFileReference; lastKnownFileType = sourcecode.c.h; path = Patient.h; sourceTree = "<group>"; };
		014E4474227E441500ACE2C5 /* Patient.m */ = {isa = PBXFileReference; lastKnownFileType = sourcecode.c.objc; path = Patient.m; sourceTree = "<group>"; };
/* End PBXFileReference section */

/* Begin PBXFrameworksBuildPhase section */
		014E4454227E244300ACE2C5 /* Frameworks */ = {
			isa = PBXFrameworksBuildPhase;
			buildActionMask = 2147483647;
			files = (
			);
			runOnlyForDeploymentPostprocessing = 0;
		};
/* End PBXFrameworksBuildPhase section */

/* Begin PBXGroup section */
		014E444E227E244300ACE2C5 = {
			isa = PBXGroup;
			children = (
				014E4459227E244300ACE2C5 /* HW12Blocks */,
				014E4458227E244300ACE2C5 /* Products */,
			);
			sourceTree = "<group>";
		};
		014E4458227E244300ACE2C5 /* Products */ = {
			isa = PBXGroup;
			children = (
				014E4457227E244300ACE2C5 /* HW12Blocks.app */,
			);
			name = Products;
			sourceTree = "<group>";
		};
		014E4459227E244300ACE2C5 /* HW12Blocks */ = {
			isa = PBXGroup;
			children = (
				014E445A227E244300ACE2C5 /* AppDelegate.h */,
				014E445B227E244300ACE2C5 /* AppDelegate.m */,
				014E445D227E244300ACE2C5 /* ViewController.h */,
				014E445E227E244300ACE2C5 /* ViewController.m */,
				014E4460227E244300ACE2C5 /* Main.storyboard */,
				014E4463227E244600ACE2C5 /* Assets.xcassets */,
				014E4465227E244600ACE2C5 /* LaunchScreen.storyboard */,
				014E4468227E244600ACE2C5 /* Info.plist */,
				014E4469227E244600ACE2C5 /* main.m */,
				014E4470227E339700ACE2C5 /* Student.h */,
				014E4471227E339700ACE2C5 /* Student.m */,
				014E4473227E441500ACE2C5 /* Patient.h */,
				014E4474227E441500ACE2C5 /* Patient.m */,
			);
			path = HW12Blocks;
			sourceTree = "<group>";
		};
/* End PBXGroup section */

/* Begin PBXNativeTarget section */
		014E4456227E244300ACE2C5 /* HW12Blocks */ = {
			isa = PBXNativeTarget;
			buildConfigurationList = 014E446D227E244600ACE2C5 /* Build configuration list for PBXNativeTarget "HW12Blocks" */;
			buildPhases = (
				014E4453227E244300ACE2C5 /* Sources */,
				014E4454227E244300ACE2C5 /* Frameworks */,
				014E4455227E244300ACE2C5 /* Resources */,
			);
			buildRules = (
			);
			dependencies = (
			);
			name = HW12Blocks;
			productName = HW12Blocks;
			productReference = 014E4457227E244300ACE2C5 /* HW12Blocks.app */;
			productType = "com.apple.product-type.application";
		};
/* End PBXNativeTarget section */

/* Begin PBXProject section */
		014E444F227E244300ACE2C5 /* Project object */ = {
			isa = PBXProject;
			attributes = {
				LastUpgradeCheck = 1010;
				ORGANIZATIONNAME = nick;
				TargetAttributes = {
					014E4456227E244300ACE2C5 = {
						CreatedOnToolsVersion = 10.1;
					};
				};
			};
			buildConfigurationList = 014E4452227E244300ACE2C5 /* Build configuration list for PBXProject "HW12Blocks" */;
			compatibilityVersion = "Xcode 9.3";
			developmentRegion = en;
			hasScannedForEncodings = 0;
			knownRegions = (
				en,
				Base,
			);
			mainGroup = 014E444E227E244300ACE2C5;
			productRefGroup = 014E4458227E244300ACE2C5 /* Products */;
			projectDirPath = "";
			projectRoot = "";
			targets = (
				014E4456227E244300ACE2C5 /* HW12Blocks */,
			);
		};
/* End PBXProject section */

/* Begin PBXResourcesBuildPhase section */
		014E4455227E244300ACE2C5 /* Resources */ = {
			isa = PBXResourcesBuildPhase;
			buildActionMask = 2147483647;
			files = (
				014E4467227E244600ACE2C5 /* LaunchScreen.storyboard in Resources */,
				014E4464227E244600ACE2C5 /* Assets.xcassets in Resources */,
				014E4462227E244300ACE2C5 /* Main.storyboard in Resources */,
			);
			runOnlyForDeploymentPostprocessing = 0;
		};
/* End PBXResourcesBuildPhase section */

/* Begin PBXSourcesBuildPhase section */
		014E4453227E244300ACE2C5 /* Sources */ = {
			isa = PBXSourcesBuildPhase;
			buildActionMask = 2147483647;
			files = (
				014E445F227E244300ACE2C5 /* ViewController.m in Sources */,
				014E446A227E244600ACE2C5 /* main.m in Sources */,
				014E4475227E441500ACE2C5 /* Patient.m in Sources */,
				014E445C227E244300ACE2C5 /* AppDelegate.m in Sources */,
				014E4472227E339700ACE2C5 /* Student.m in Sources */,
			);
			runOnlyForDeploymentPostprocessing = 0;
		};
/* End PBXSourcesBuildPhase section */

/* Begin PBXVariantGroup section */
		014E4460227E244300ACE2C5 /* Main.storyboard */ = {
			isa = PBXVariantGroup;
			children = (
				014E4461227E244300ACE2C5 /* Base */,
			);
			name = Main.storyboard;
			sourceTree = "<group>";
		};
		014E4465227E244600ACE2C5 /* LaunchScreen.storyboard */ = {
			isa = PBXVariantGroup;
			children = (
				014E4466227E244600ACE2C5 /* Base */,
			);
			name = LaunchScreen.storyboard;
			sourceTree = "<group>";
		};
/* End PBXVariantGroup section */

/* Begin XCBuildConfiguration section */
		014E446B227E244600ACE2C5 /* Debug */ = {
			isa = XCBuildConfiguration;
			buildSettings = {
				ALWAYS_SEARCH_USER_PATHS = NO;
				CLANG_ANALYZER_NONNULL = YES;
				CLANG_ANALYZER_NUMBER_OBJECT_CONVERSION = YES_AGGRESSIVE;
				CLANG_CXX_LANGUAGE_STANDARD = "gnu++14";
				CLANG_CXX_LIBRARY = "libc++";
				CLANG_ENABLE_MODULES = YES;
				CLANG_ENABLE_OBJC_ARC = YES;
				CLANG_ENABLE_OBJC_WEAK = YES;
				CLANG_WARN_BLOCK_CAPTURE_AUTORELEASING = YES;
				CLANG_WARN_BOOL_CONVERSION = YES;
				CLANG_WARN_COMMA = YES;
				CLANG_WARN_CONSTANT_CONVERSION = YES;
				CLANG_WARN_DEPRECATED_OBJC_IMPLEMENTATIONS = YES;
				CLANG_WARN_DIRECT_OBJC_ISA_USAGE = YES_ERROR;
				CLANG_WARN_DOCUMENTATION_COMMENTS = YES;
				CLANG_WARN_EMPTY_BODY = YES;
				CLANG_WARN_ENUM_CONVERSION = YES;
				CLANG_WARN_INFINITE_RECURSION = YES;
				CLANG_WARN_INT_CONVERSION = YES;
				CLANG_WARN_NON_LITERAL_NULL_CONVERSION = YES;
				CLANG_WARN_OBJC_IMPLICIT_RETAIN_SELF = YES;
				CLANG_WARN_OBJC_LITERAL_CONVERSION = YES;
				CLANG_WARN_OBJC_ROOT_CLASS = YES_ERROR;
				CLANG_WARN_RANGE_LOOP_ANALYSIS = YES;
				CLANG_WARN_STRICT_PROTOTYPES = YES;
				CLANG_WARN_SUSPICIOUS_MOVE = YES;
				CLANG_WARN_UNGUARDED_AVAILABILITY = YES_AGGRESSIVE;
				CLANG_WARN_UNREACHABLE_CODE = YES;
				CLANG_WARN__DUPLICATE_METHOD_MATCH = YES;
				CODE_SIGN_IDENTITY = "iPhone Developer";
				COPY_PHASE_STRIP = NO;
				DEBUG_INFORMATION_FORMAT = dwarf;
				ENABLE_STRICT_OBJC_MSGSEND = YES;
				ENABLE_TESTABILITY = YES;
				GCC_C_LANGUAGE_STANDARD = gnu11;
				GCC_DYNAMIC_NO_PIC = NO;
				GCC_NO_COMMON_BLOCKS = YES;
				GCC_OPTIMIZATION_LEVEL = 0;
				GCC_PREPROCESSOR_DEFINITIONS = (
					"DEBUG=1",
					"$(inherited)",
				);
				GCC_WARN_64_TO_32_BIT_CONVERSION = YES;
				GCC_WARN_ABOUT_RETURN_TYPE = YES_ERROR;
				GCC_WARN_UNDECLARED_SELECTOR = YES;
				GCC_WARN_UNINITIALIZED_AUTOS = YES_AGGRESSIVE;
				GCC_WARN_UNUSED_FUNCTION = YES;
				GCC_WARN_UNUSED_VARIABLE = YES;
				IPHONEOS_DEPLOYMENT_TARGET = 12.1;
				MTL_ENABLE_DEBUG_INFO = INCLUDE_SOURCE;
				MTL_FAST_MATH = YES;
				ONLY_ACTIVE_ARCH = YES;
				SDKROOT = iphoneos;
			};
			name = Debug;
		};
		014E446C227E244600ACE2C5 /* Release */ = {
			isa = XCBuildConfiguration;
			buildSettings = {
				ALWAYS_SEARCH_USER_PATHS = NO;
				CLANG_ANALYZER_NONNULL = YES;
				CLANG_ANALYZER_NUMBER_OBJECT_CONVERSION = YES_AGGRESSIVE;
				CLANG_CXX_LANGUAGE_STANDARD = "gnu++14";
				CLANG_CXX_LIBRARY = "libc++";
				CLANG_ENABLE_MODULES = YES;
				CLANG_ENABLE_OBJC_ARC = YES;
				CLANG_ENABLE_OBJC_WEAK = YES;
				CLANG_WARN_BLOCK_CAPTURE_AUTORELEASING = YES;
				CLANG_WARN_BOOL_CONVERSION = YES;
				CLANG_WARN_COMMA = YES;
				CLANG_WARN_CONSTANT_CONVERSION = YES;
				CLANG_WARN_DEPRECATED_OBJC_IMPLEMENTATIONS = YES;
				CLANG_WARN_DIRECT_OBJC_ISA_USAGE = YES_ERROR;
				CLANG_WARN_DOCUMENTATION_COMMENTS = YES;
				CLANG_WARN_EMPTY_BODY = YES;
				CLANG_WARN_ENUM_CONVERSION = YES;
				CLANG_WARN_INFINITE_RECURSION = YES;
				CLANG_WARN_INT_CONVERSION = YES;
				CLANG_WARN_NON_LITERAL_NULL_CONVERSION = YES;
				CLANG_WARN_OBJC_IMPLICIT_RETAIN_SELF = YES;
				CLANG_WARN_OBJC_LITERAL_CONVERSION = YES;
				CLANG_WARN_OBJC_ROOT_CLASS = YES_ERROR;
				CLANG_WARN_RANGE_LOOP_ANALYSIS = YES;
				CLANG_WARN_STRICT_PROTOTYPES = YES;
				CLANG_WARN_SUSPICIOUS_MOVE = YES;
				CLANG_WARN_UNGUARDED_AVAILABILITY = YES_AGGRESSIVE;
				CLANG_WARN_UNREACHABLE_CODE = YES;
				CLANG_WARN__DUPLICATE_METHOD_MATCH = YES;
				CODE_SIGN_IDENTITY = "iPhone Developer";
				COPY_PHASE_STRIP = NO;
				DEBUG_INFORMATION_FORMAT = "dwarf-with-dsym";
				ENABLE_NS_ASSERTIONS = NO;
				ENABLE_STRICT_OBJC_MSGSEND = YES;
				GCC_C_LANGUAGE_STANDARD = gnu11;
				GCC_NO_COMMON_BLOCKS = YES;
				GCC_WARN_64_TO_32_BIT_CONVERSION = YES;
				GCC_WARN_ABOUT_RETURN_TYPE = YES_ERROR;
				GCC_WARN_UNDECLARED_SELECTOR = YES;
				GCC_WARN_UNINITIALIZED_AUTOS = YES_AGGRESSIVE;
				GCC_WARN_UNUSED_FUNCTION = YES;
				GCC_WARN_UNUSED_VARIABLE = YES;
				IPHONEOS_DEPLOYMENT_TARGET = 12.1;
				MTL_ENABLE_DEBUG_INFO = NO;
				MTL_FAST_MATH = YES;
				SDKROOT = iphoneos;
				VALIDATE_PRODUCT = YES;
			};
			name = Release;
		};
		014E446E227E244600ACE2C5 /* Debug */ = {
			isa = XCBuildConfiguration;
			buildSettings = {
				ASSETCATALOG_COMPILER_APPICON_NAME = AppIcon;
				CODE_SIGN_STYLE = Automatic;
				DEVELOPMENT_TEAM = "";
				INFOPLIST_FILE = HW12Blocks/Info.plist;
				LD_RUNPATH_SEARCH_PATHS = (
					"$(inherited)",
					"@executable_path/Frameworks",
				);
				PRODUCT_BUNDLE_IDENTIFIER = nick.HW12Blocks;
				PRODUCT_NAME = "$(TARGET_NAME)";
				TARGETED_DEVICE_FAMILY = "1,2";
			};
			name = Debug;
		};
		014E446F227E244600ACE2C5 /* Release */ = {
			isa = XCBuildConfiguration;
			buildSettings = {
				ASSETCATALOG_COMPILER_APPICON_NAME = AppIcon;
				CODE_SIGN_STYLE = Automatic;
				DEVELOPMENT_TEAM = "";
				INFOPLIST_FILE = HW12Blocks/Info.plist;
				LD_RUNPATH_SEARCH_PATHS = (
					"$(inherited)",
					"@executable_path/Frameworks",
				);
				PRODUCT_BUNDLE_IDENTIFIER = nick.HW12Blocks;
				PRODUCT_NAME = "$(TARGET_NAME)";
				TARGETED_DEVICE_FAMILY = "1,2";
			};
			name = Release;
		};
/* End XCBuildConfiguration section */

/* Begin XCConfigurationList section */
		014E4452227E244300ACE2C5 /* Build configuration list for PBXProject "HW12Blocks" */ = {
			isa = XCConfigurationList;
			buildConfigurations = (
				014E446B227E244600ACE2C5 /* Debug */,
				014E446C227E244600ACE2C5 /* Release */,
			);
			defaultConfigurationIsVisible = 0;
			defaultConfigurationName = Release;
		};
		014E446D227E244600ACE2C5 /* Build configuration list for PBXNativeTarget "HW12Blocks" */ = {
			isa = XCConfigurationList;
			buildConfigurations = (
				014E446E227E244600ACE2C5 /* Debug */,
				014E446F227E244600ACE2C5 /* Release */,
			);
			defaultConfigurationIsVisible = 0;
			defaultConfigurationName = Release;
		};
/* End XCConfigurationList section */
	};
	rootObject = 014E444F227E244300ACE2C5 /* Project object */;
}
