// !$*UTF8*$!
{
	archiveVersion = 1;
	classes = {
	};
	objectVersion = 50;
	objects = {

/* Begin PBXBuildFile section */
		0170CBE1228C489300D246FD /* AppDelegate.m in Sources */ = {isa = PBXBuildFile; fileRef = 0170CBE0228C489300D246FD /* AppDelegate.m */; };
		0170CBE4228C489300D246FD /* ViewController.m in Sources */ = {isa = PBXBuildFile; fileRef = 0170CBE3228C489300D246FD /* ViewController.m */; };
		0170CBE7228C489300D246FD /* Main.storyboard in Resources */ = {isa = PBXBuildFile; fileRef = 0170CBE5228C489300D246FD /* Main.storyboard */; };
		0170CBE9228C489600D246FD /* Assets.xcassets in Resources */ = {isa = PBXBuildFile; fileRef = 0170CBE8228C489600D246FD /* Assets.xcassets */; };
		0170CBEC228C489600D246FD /* LaunchScreen.storyboard in Resources */ = {isa = PBXBuildFile; fileRef = 0170CBEA228C489600D246FD /* LaunchScreen.storyboard */; };
		0170CBEF228C489600D246FD /* main.m in Sources */ = {isa = PBXBuildFile; fileRef = 0170CBEE228C489600D246FD /* main.m */; };
		0170CBF7228C48C800D246FD /* Student.m in Sources */ = {isa = PBXBuildFile; fileRef = 0170CBF6228C48C800D246FD /* Student.m */; };
/* End PBXBuildFile section */

/* Begin PBXFileReference section */
		0170CBDC228C489300D246FD /* HW15BitwiseOperations.app */ = {isa = PBXFileReference; explicitFileType = wrapper.application; includeInIndex = 0; path = HW15BitwiseOperations.app; sourceTree = BUILT_PRODUCTS_DIR; };
		0170CBDF228C489300D246FD /* AppDelegate.h */ = {isa = PBXFileReference; lastKnownFileType = sourcecode.c.h; path = AppDelegate.h; sourceTree = "<group>"; };
		0170CBE0228C489300D246FD /* AppDelegate.m */ = {isa = PBXFileReference; lastKnownFileType = sourcecode.c.objc; path = AppDelegate.m; sourceTree = "<group>"; };
		0170CBE2228C489300D246FD /* ViewController.h */ = {isa = PBXFileReference; lastKnownFileType = sourcecode.c.h; path = ViewController.h; sourceTree = "<group>"; };
		0170CBE3228C489300D246FD /* ViewController.m */ = {isa = PBXFileReference; lastKnownFileType = sourcecode.c.objc; path = ViewController.m; sourceTree = "<group>"; };
		0170CBE6228C489300D246FD /* Base */ = {isa = PBXFileReference; lastKnownFileType = file.storyboard; name = Base; path = Base.lproj/Main.storyboard; sourceTree = "<group>"; };
		0170CBE8228C489600D246FD /* Assets.xcassets */ = {isa = PBXFileReference; lastKnownFileType = folder.assetcatalog; path = Assets.xcassets; sourceTree = "<group>"; };
		0170CBEB228C489600D246FD /* Base */ = {isa = PBXFileReference; lastKnownFileType = file.storyboard; name = Base; path = Base.lproj/LaunchScreen.storyboard; sourceTree = "<group>"; };
		0170CBED228C489600D246FD /* Info.plist */ = {isa = PBXFileReference; lastKnownFileType = text.plist.xml; path = Info.plist; sourceTree = "<group>"; };
		0170CBEE228C489600D246FD /* main.m */ = {isa = PBXFileReference; lastKnownFileType = sourcecode.c.objc; path = main.m; sourceTree = "<group>"; };
		0170CBF5228C48C800D246FD /* Student.h */ = {isa = PBXFileReference; lastKnownFileType = sourcecode.c.h; path = Student.h; sourceTree = "<group>"; };
		0170CBF6228C48C800D246FD /* Student.m */ = {isa = PBXFileReference; lastKnownFileType = sourcecode.c.objc; path = Student.m; sourceTree = "<group>"; };
/* End PBXFileReference section */

/* Begin PBXFrameworksBuildPhase section */
		0170CBD9228C489300D246FD /* Frameworks */ = {
			isa = PBXFrameworksBuildPhase;
			buildActionMask = 2147483647;
			files = (
			);
			runOnlyForDeploymentPostprocessing = 0;
		};
/* End PBXFrameworksBuildPhase section */

/* Begin PBXGroup section */
		0170CBD3228C489200D246FD = {
			isa = PBXGroup;
			children = (
				0170CBDE228C489300D246FD /* HW15BitwiseOperations */,
				0170CBDD228C489300D246FD /* Products */,
			);
			sourceTree = "<group>";
		};
		0170CBDD228C489300D246FD /* Products */ = {
			isa = PBXGroup;
			children = (
				0170CBDC228C489300D246FD /* HW15BitwiseOperations.app */,
			);
			name = Products;
			sourceTree = "<group>";
		};
		0170CBDE228C489300D246FD /* HW15BitwiseOperations */ = {
			isa = PBXGroup;
			children = (
				0170CBDF228C489300D246FD /* AppDelegate.h */,
				0170CBE0228C489300D246FD /* AppDelegate.m */,
				0170CBE2228C489300D246FD /* ViewController.h */,
				0170CBE3228C489300D246FD /* ViewController.m */,
				0170CBE5228C489300D246FD /* Main.storyboard */,
				0170CBE8228C489600D246FD /* Assets.xcassets */,
				0170CBEA228C489600D246FD /* LaunchScreen.storyboard */,
				0170CBED228C489600D246FD /* Info.plist */,
				0170CBEE228C489600D246FD /* main.m */,
				0170CBF5228C48C800D246FD /* Student.h */,
				0170CBF6228C48C800D246FD /* Student.m */,
			);
			path = HW15BitwiseOperations;
			sourceTree = "<group>";
		};
/* End PBXGroup section */

/* Begin PBXNativeTarget section */
		0170CBDB228C489300D246FD /* HW15BitwiseOperations */ = {
			isa = PBXNativeTarget;
			buildConfigurationList = 0170CBF2228C489600D246FD /* Build configuration list for PBXNativeTarget "HW15BitwiseOperations" */;
			buildPhases = (
				0170CBD8228C489300D246FD /* Sources */,
				0170CBD9228C489300D246FD /* Frameworks */,
				0170CBDA228C489300D246FD /* Resources */,
			);
			buildRules = (
			);
			dependencies = (
			);
			name = HW15BitwiseOperations;
			productName = HW15BitwiseOperations;
			productReference = 0170CBDC228C489300D246FD /* HW15BitwiseOperations.app */;
			productType = "com.apple.product-type.application";
		};
/* End PBXNativeTarget section */

/* Begin PBXProject section */
		0170CBD4228C489300D246FD /* Project object */ = {
			isa = PBXProject;
			attributes = {
				LastUpgradeCheck = 1010;
				ORGANIZATIONNAME = nick;
				TargetAttributes = {
					0170CBDB228C489300D246FD = {
						CreatedOnToolsVersion = 10.1;
					};
				};
			};
			buildConfigurationList = 0170CBD7228C489300D246FD /* Build configuration list for PBXProject "HW15BitwiseOperations" */;
			compatibilityVersion = "Xcode 9.3";
			developmentRegion = en;
			hasScannedForEncodings = 0;
			knownRegions = (
				en,
				Base,
			);
			mainGroup = 0170CBD3228C489200D246FD;
			productRefGroup = 0170CBDD228C489300D246FD /* Products */;
			projectDirPath = "";
			projectRoot = "";
			targets = (
				0170CBDB228C489300D246FD /* HW15BitwiseOperations */,
			);
		};
/* End PBXProject section */

/* Begin PBXResourcesBuildPhase section */
		0170CBDA228C489300D246FD /* Resources */ = {
			isa = PBXResourcesBuildPhase;
			buildActionMask = 2147483647;
			files = (
				0170CBEC228C489600D246FD /* LaunchScreen.storyboard in Resources */,
				0170CBE9228C489600D246FD /* Assets.xcassets in Resources */,
				0170CBE7228C489300D246FD /* Main.storyboard in Resources */,
			);
			runOnlyForDeploymentPostprocessing = 0;
		};
/* End PBXResourcesBuildPhase section */

/* Begin PBXSourcesBuildPhase section */
		0170CBD8228C489300D246FD /* Sources */ = {
			isa = PBXSourcesBuildPhase;
			buildActionMask = 2147483647;
			files = (
				0170CBE4228C489300D246FD /* ViewController.m in Sources */,
				0170CBEF228C489600D246FD /* main.m in Sources */,
				0170CBE1228C489300D246FD /* AppDelegate.m in Sources */,
				0170CBF7228C48C800D246FD /* Student.m in Sources */,
			);
			runOnlyForDeploymentPostprocessing = 0;
		};
/* End PBXSourcesBuildPhase section */

/* Begin PBXVariantGroup section */
		0170CBE5228C489300D246FD /* Main.storyboard */ = {
			isa = PBXVariantGroup;
			children = (
				0170CBE6228C489300D246FD /* Base */,
			);
			name = Main.storyboard;
			sourceTree = "<group>";
		};
		0170CBEA228C489600D246FD /* LaunchScreen.storyboard */ = {
			isa = PBXVariantGroup;
			children = (
				0170CBEB228C489600D246FD /* Base */,
			);
			name = LaunchScreen.storyboard;
			sourceTree = "<group>";
		};
/* End PBXVariantGroup section */

/* Begin XCBuildConfiguration section */
		0170CBF0228C489600D246FD /* Debug */ = {
			isa = XCBuildConfiguration;
			buildSettings = {
				ALWAYS_SEARCH_USER_PATHS = NO;
				CLANG_ANALYZER_NONNULL = YES;
				CLANG_ANALYZER_NUMBER_OBJECT_CONVERSION = YES_AGGRESSIVE;
				CLANG_CXX_LANGUAGE_STANDARD = "gnu++14";
				CLANG_CXX_LIBRARY = "libc++";
				CLANG_ENABLE_MODULES = YES;
				CLANG_ENABLE_OBJC_ARC = YES;
				CLANG_ENABLE_OBJC_WEAK = YES;
				CLANG_WARN_BLOCK_CAPTURE_AUTORELEASING = YES;
				CLANG_WARN_BOOL_CONVERSION = YES;
				CLANG_WARN_COMMA = YES;
				CLANG_WARN_CONSTANT_CONVERSION = YES;
				CLANG_WARN_DEPRECATED_OBJC_IMPLEMENTATIONS = YES;
				CLANG_WARN_DIRECT_OBJC_ISA_USAGE = YES_ERROR;
				CLANG_WARN_DOCUMENTATION_COMMENTS = YES;
				CLANG_WARN_EMPTY_BODY = YES;
				CLANG_WARN_ENUM_CONVERSION = YES;
				CLANG_WARN_INFINITE_RECURSION = YES;
				CLANG_WARN_INT_CONVERSION = YES;
				CLANG_WARN_NON_LITERAL_NULL_CONVERSION = YES;
				CLANG_WARN_OBJC_IMPLICIT_RETAIN_SELF = YES;
				CLANG_WARN_OBJC_LITERAL_CONVERSION = YES;
				CLANG_WARN_OBJC_ROOT_CLASS = YES_ERROR;
				CLANG_WARN_RANGE_LOOP_ANALYSIS = YES;
				CLANG_WARN_STRICT_PROTOTYPES = YES;
				CLANG_WARN_SUSPICIOUS_MOVE = YES;
				CLANG_WARN_UNGUARDED_AVAILABILITY = YES_AGGRESSIVE;
				CLANG_WARN_UNREACHABLE_CODE = YES;
				CLANG_WARN__DUPLICATE_METHOD_MATCH = YES;
				CODE_SIGN_IDENTITY = "iPhone Developer";
				COPY_PHASE_STRIP = NO;
				DEBUG_INFORMATION_FORMAT = dwarf;
				ENABLE_STRICT_OBJC_MSGSEND = YES;
				ENABLE_TESTABILITY = YES;
				GCC_C_LANGUAGE_STANDARD = gnu11;
				GCC_DYNAMIC_NO_PIC = NO;
				GCC_NO_COMMON_BLOCKS = YES;
				GCC_OPTIMIZATION_LEVEL = 0;
				GCC_PREPROCESSOR_DEFINITIONS = (
					"DEBUG=1",
					"$(inherited)",
				);
				GCC_WARN_64_TO_32_BIT_CONVERSION = YES;
				GCC_WARN_ABOUT_RETURN_TYPE = YES_ERROR;
				GCC_WARN_UNDECLARED_SELECTOR = YES;
				GCC_WARN_UNINITIALIZED_AUTOS = YES_AGGRESSIVE;
				GCC_WARN_UNUSED_FUNCTION = YES;
				GCC_WARN_UNUSED_VARIABLE = YES;
				IPHONEOS_DEPLOYMENT_TARGET = 12.1;
				MTL_ENABLE_DEBUG_INFO = INCLUDE_SOURCE;
				MTL_FAST_MATH = YES;
				ONLY_ACTIVE_ARCH = YES;
				SDKROOT = iphoneos;
			};
			name = Debug;
		};
		0170CBF1228C489600D246FD /* Release */ = {
			isa = XCBuildConfiguration;
			buildSettings = {
				ALWAYS_SEARCH_USER_PATHS = NO;
				CLANG_ANALYZER_NONNULL = YES;
				CLANG_ANALYZER_NUMBER_OBJECT_CONVERSION = YES_AGGRESSIVE;
				CLANG_CXX_LANGUAGE_STANDARD = "gnu++14";
				CLANG_CXX_LIBRARY = "libc++";
				CLANG_ENABLE_MODULES = YES;
				CLANG_ENABLE_OBJC_ARC = YES;
				CLANG_ENABLE_OBJC_WEAK = YES;
				CLANG_WARN_BLOCK_CAPTURE_AUTORELEASING = YES;
				CLANG_WARN_BOOL_CONVERSION = YES;
				CLANG_WARN_COMMA = YES;
				CLANG_WARN_CONSTANT_CONVERSION = YES;
				CLANG_WARN_DEPRECATED_OBJC_IMPLEMENTATIONS = YES;
				CLANG_WARN_DIRECT_OBJC_ISA_USAGE = YES_ERROR;
				CLANG_WARN_DOCUMENTATION_COMMENTS = YES;
				CLANG_WARN_EMPTY_BODY = YES;
				CLANG_WARN_ENUM_CONVERSION = YES;
				CLANG_WARN_INFINITE_RECURSION = YES;
				CLANG_WARN_INT_CONVERSION = YES;
				CLANG_WARN_NON_LITERAL_NULL_CONVERSION = YES;
				CLANG_WARN_OBJC_IMPLICIT_RETAIN_SELF = YES;
				CLANG_WARN_OBJC_LITERAL_CONVERSION = YES;
				CLANG_WARN_OBJC_ROOT_CLASS = YES_ERROR;
				CLANG_WARN_RANGE_LOOP_ANALYSIS = YES;
				CLANG_WARN_STRICT_PROTOTYPES = YES;
				CLANG_WARN_SUSPICIOUS_MOVE = YES;
				CLANG_WARN_UNGUARDED_AVAILABILITY = YES_AGGRESSIVE;
				CLANG_WARN_UNREACHABLE_CODE = YES;
				CLANG_WARN__DUPLICATE_METHOD_MATCH = YES;
				CODE_SIGN_IDENTITY = "iPhone Developer";
				COPY_PHASE_STRIP = NO;
				DEBUG_INFORMATION_FORMAT = "dwarf-with-dsym";
				ENABLE_NS_ASSERTIONS = NO;
				ENABLE_STRICT_OBJC_MSGSEND = YES;
				GCC_C_LANGUAGE_STANDARD = gnu11;
				GCC_NO_COMMON_BLOCKS = YES;
				GCC_WARN_64_TO_32_BIT_CONVERSION = YES;
				GCC_WARN_ABOUT_RETURN_TYPE = YES_ERROR;
				GCC_WARN_UNDECLARED_SELECTOR = YES;
				GCC_WARN_UNINITIALIZED_AUTOS = YES_AGGRESSIVE;
				GCC_WARN_UNUSED_FUNCTION = YES;
				GCC_WARN_UNUSED_VARIABLE = YES;
				IPHONEOS_DEPLOYMENT_TARGET = 12.1;
				MTL_ENABLE_DEBUG_INFO = NO;
				MTL_FAST_MATH = YES;
				SDKROOT = iphoneos;
				VALIDATE_PRODUCT = YES;
			};
			name = Release;
		};
		0170CBF3228C489600D246FD /* Debug */ = {
			isa = XCBuildConfiguration;
			buildSettings = {
				ASSETCATALOG_COMPILER_APPICON_NAME = AppIcon;
				CODE_SIGN_STYLE = Automatic;
				INFOPLIST_FILE = HW15BitwiseOperations/Info.plist;
				LD_RUNPATH_SEARCH_PATHS = (
					"$(inherited)",
					"@executable_path/Frameworks",
				);
				PRODUCT_BUNDLE_IDENTIFIER = nick.HW15BitwiseOperations;
				PRODUCT_NAME = "$(TARGET_NAME)";
				TARGETED_DEVICE_FAMILY = "1,2";
			};
			name = Debug;
		};
		0170CBF4228C489600D246FD /* Release */ = {
			isa = XCBuildConfiguration;
			buildSettings = {
				ASSETCATALOG_COMPILER_APPICON_NAME = AppIcon;
				CODE_SIGN_STYLE = Automatic;
				INFOPLIST_FILE = HW15BitwiseOperations/Info.plist;
				LD_RUNPATH_SEARCH_PATHS = (
					"$(inherited)",
					"@executable_path/Frameworks",
				);
				PRODUCT_BUNDLE_IDENTIFIER = nick.HW15BitwiseOperations;
				PRODUCT_NAME = "$(TARGET_NAME)";
				TARGETED_DEVICE_FAMILY = "1,2";
			};
			name = Release;
		};
/* End XCBuildConfiguration section */

/* Begin XCConfigurationList section */
		0170CBD7228C489300D246FD /* Build configuration list for PBXProject "HW15BitwiseOperations" */ = {
			isa = XCConfigurationList;
			buildConfigurations = (
				0170CBF0228C489600D246FD /* Debug */,
				0170CBF1228C489600D246FD /* Release */,
			);
			defaultConfigurationIsVisible = 0;
			defaultConfigurationName = Release;
		};
		0170CBF2228C489600D246FD /* Build configuration list for PBXNativeTarget "HW15BitwiseOperations" */ = {
			isa = XCConfigurationList;
			buildConfigurations = (
				0170CBF3228C489600D246FD /* Debug */,
				0170CBF4228C489600D246FD /* Release */,
			);
			defaultConfigurationIsVisible = 0;
			defaultConfigurationName = Release;
		};
/* End XCConfigurationList section */
	};
	rootObject = 0170CBD4228C489300D246FD /* Project object */;
}
