// !$*UTF8*$!
{
	archiveVersion = 1;
	classes = {
	};
	objectVersion = 50;
	objects = {

/* Begin PBXBuildFile section */
		010A481C227B89E900FAA547 /* AppDelegate.m in Sources */ = {isa = PBXBuildFile; fileRef = 010A481B227B89E900FAA547 /* AppDelegate.m */; };
		010A481F227B89E900FAA547 /* ViewController.m in Sources */ = {isa = PBXBuildFile; fileRef = 010A481E227B89E900FAA547 /* ViewController.m */; };
		010A4822227B89E900FAA547 /* Main.storyboard in Resources */ = {isa = PBXBuildFile; fileRef = 010A4820227B89E900FAA547 /* Main.storyboard */; };
		010A4824227B89EC00FAA547 /* Assets.xcassets in Resources */ = {isa = PBXBuildFile; fileRef = 010A4823227B89EC00FAA547 /* Assets.xcassets */; };
		010A4827227B89EC00FAA547 /* LaunchScreen.storyboard in Resources */ = {isa = PBXBuildFile; fileRef = 010A4825227B89EC00FAA547 /* LaunchScreen.storyboard */; };
		010A482A227B89EC00FAA547 /* main.m in Sources */ = {isa = PBXBuildFile; fileRef = 010A4829227B89EC00FAA547 /* main.m */; };
		010A4832227B92D300FAA547 /* Government.m in Sources */ = {isa = PBXBuildFile; fileRef = 010A4831227B92D300FAA547 /* Government.m */; };
		016F7B8D227C64F0001C9EAB /* Doctor.m in Sources */ = {isa = PBXBuildFile; fileRef = 016F7B8C227C64F0001C9EAB /* Doctor.m */; };
		016F7B90227C7F38001C9EAB /* Pensioner.m in Sources */ = {isa = PBXBuildFile; fileRef = 016F7B8F227C7F38001C9EAB /* Pensioner.m */; };
		016F7B93227C7F51001C9EAB /* Businessman.m in Sources */ = {isa = PBXBuildFile; fileRef = 016F7B92227C7F51001C9EAB /* Businessman.m */; };
/* End PBXBuildFile section */

/* Begin PBXFileReference section */
		010A4817227B89E900FAA547 /* HW10Notifications.app */ = {isa = PBXFileReference; explicitFileType = wrapper.application; includeInIndex = 0; path = HW10Notifications.app; sourceTree = BUILT_PRODUCTS_DIR; };
		010A481A227B89E900FAA547 /* AppDelegate.h */ = {isa = PBXFileReference; lastKnownFileType = sourcecode.c.h; path = AppDelegate.h; sourceTree = "<group>"; };
		010A481B227B89E900FAA547 /* AppDelegate.m */ = {isa = PBXFileReference; lastKnownFileType = sourcecode.c.objc; path = AppDelegate.m; sourceTree = "<group>"; };
		010A481D227B89E900FAA547 /* ViewController.h */ = {isa = PBXFileReference; lastKnownFileType = sourcecode.c.h; path = ViewController.h; sourceTree = "<group>"; };
		010A481E227B89E900FAA547 /* ViewController.m */ = {isa = PBXFileReference; lastKnownFileType = sourcecode.c.objc; path = ViewController.m; sourceTree = "<group>"; };
		010A4821227B89E900FAA547 /* Base */ = {isa = PBXFileReference; lastKnownFileType = file.storyboard; name = Base; path = Base.lproj/Main.storyboard; sourceTree = "<group>"; };
		010A4823227B89EC00FAA547 /* Assets.xcassets */ = {isa = PBXFileReference; lastKnownFileType = folder.assetcatalog; path = Assets.xcassets; sourceTree = "<group>"; };
		010A4826227B89EC00FAA547 /* Base */ = {isa = PBXFileReference; lastKnownFileType = file.storyboard; name = Base; path = Base.lproj/LaunchScreen.storyboard; sourceTree = "<group>"; };
		010A4828227B89EC00FAA547 /* Info.plist */ = {isa = PBXFileReference; lastKnownFileType = text.plist.xml; path = Info.plist; sourceTree = "<group>"; };
		010A4829227B89EC00FAA547 /* main.m */ = {isa = PBXFileReference; lastKnownFileType = sourcecode.c.objc; path = main.m; sourceTree = "<group>"; };
		010A4830227B92D300FAA547 /* Government.h */ = {isa = PBXFileReference; lastKnownFileType = sourcecode.c.h; path = Government.h; sourceTree = "<group>"; };
		010A4831227B92D300FAA547 /* Government.m */ = {isa = PBXFileReference; lastKnownFileType = sourcecode.c.objc; path = Government.m; sourceTree = "<group>"; };
		016F7B8B227C64F0001C9EAB /* Doctor.h */ = {isa = PBXFileReference; lastKnownFileType = sourcecode.c.h; path = Doctor.h; sourceTree = "<group>"; };
		016F7B8C227C64F0001C9EAB /* Doctor.m */ = {isa = PBXFileReference; lastKnownFileType = sourcecode.c.objc; path = Doctor.m; sourceTree = "<group>"; };
		016F7B8E227C7F38001C9EAB /* Pensioner.h */ = {isa = PBXFileReference; lastKnownFileType = sourcecode.c.h; path = Pensioner.h; sourceTree = "<group>"; };
		016F7B8F227C7F38001C9EAB /* Pensioner.m */ = {isa = PBXFileReference; lastKnownFileType = sourcecode.c.objc; path = Pensioner.m; sourceTree = "<group>"; };
		016F7B91227C7F51001C9EAB /* Businessman.h */ = {isa = PBXFileReference; lastKnownFileType = sourcecode.c.h; path = Businessman.h; sourceTree = "<group>"; };
		016F7B92227C7F51001C9EAB /* Businessman.m */ = {isa = PBXFileReference; lastKnownFileType = sourcecode.c.objc; path = Businessman.m; sourceTree = "<group>"; };
/* End PBXFileReference section */

/* Begin PBXFrameworksBuildPhase section */
		010A4814227B89E900FAA547 /* Frameworks */ = {
			isa = PBXFrameworksBuildPhase;
			buildActionMask = 2147483647;
			files = (
			);
			runOnlyForDeploymentPostprocessing = 0;
		};
/* End PBXFrameworksBuildPhase section */

/* Begin PBXGroup section */
		010A480E227B89E900FAA547 = {
			isa = PBXGroup;
			children = (
				010A4819227B89E900FAA547 /* HW10Notifications */,
				010A4818227B89E900FAA547 /* Products */,
			);
			sourceTree = "<group>";
		};
		010A4818227B89E900FAA547 /* Products */ = {
			isa = PBXGroup;
			children = (
				010A4817227B89E900FAA547 /* HW10Notifications.app */,
			);
			name = Products;
			sourceTree = "<group>";
		};
		010A4819227B89E900FAA547 /* HW10Notifications */ = {
			isa = PBXGroup;
			children = (
				010A481A227B89E900FAA547 /* AppDelegate.h */,
				010A481B227B89E900FAA547 /* AppDelegate.m */,
				010A481D227B89E900FAA547 /* ViewController.h */,
				010A481E227B89E900FAA547 /* ViewController.m */,
				010A4820227B89E900FAA547 /* Main.storyboard */,
				010A4823227B89EC00FAA547 /* Assets.xcassets */,
				010A4825227B89EC00FAA547 /* LaunchScreen.storyboard */,
				010A4828227B89EC00FAA547 /* Info.plist */,
				010A4829227B89EC00FAA547 /* main.m */,
				010A4830227B92D300FAA547 /* Government.h */,
				010A4831227B92D300FAA547 /* Government.m */,
				016F7B8B227C64F0001C9EAB /* Doctor.h */,
				016F7B8C227C64F0001C9EAB /* Doctor.m */,
				016F7B8E227C7F38001C9EAB /* Pensioner.h */,
				016F7B8F227C7F38001C9EAB /* Pensioner.m */,
				016F7B91227C7F51001C9EAB /* Businessman.h */,
				016F7B92227C7F51001C9EAB /* Businessman.m */,
			);
			path = HW10Notifications;
			sourceTree = "<group>";
		};
/* End PBXGroup section */

/* Begin PBXNativeTarget section */
		010A4816227B89E900FAA547 /* HW10Notifications */ = {
			isa = PBXNativeTarget;
			buildConfigurationList = 010A482D227B89EC00FAA547 /* Build configuration list for PBXNativeTarget "HW10Notifications" */;
			buildPhases = (
				010A4813227B89E900FAA547 /* Sources */,
				010A4814227B89E900FAA547 /* Frameworks */,
				010A4815227B89E900FAA547 /* Resources */,
			);
			buildRules = (
			);
			dependencies = (
			);
			name = HW10Notifications;
			productName = HW10Notifications;
			productReference = 010A4817227B89E900FAA547 /* HW10Notifications.app */;
			productType = "com.apple.product-type.application";
		};
/* End PBXNativeTarget section */

/* Begin PBXProject section */
		010A480F227B89E900FAA547 /* Project object */ = {
			isa = PBXProject;
			attributes = {
				LastUpgradeCheck = 1010;
				ORGANIZATIONNAME = nick;
				TargetAttributes = {
					010A4816227B89E900FAA547 = {
						CreatedOnToolsVersion = 10.1;
					};
				};
			};
			buildConfigurationList = 010A4812227B89E900FAA547 /* Build configuration list for PBXProject "HW10Notifications" */;
			compatibilityVersion = "Xcode 9.3";
			developmentRegion = en;
			hasScannedForEncodings = 0;
			knownRegions = (
				en,
				Base,
			);
			mainGroup = 010A480E227B89E900FAA547;
			productRefGroup = 010A4818227B89E900FAA547 /* Products */;
			projectDirPath = "";
			projectRoot = "";
			targets = (
				010A4816227B89E900FAA547 /* HW10Notifications */,
			);
		};
/* End PBXProject section */

/* Begin PBXResourcesBuildPhase section */
		010A4815227B89E900FAA547 /* Resources */ = {
			isa = PBXResourcesBuildPhase;
			buildActionMask = 2147483647;
			files = (
				010A4827227B89EC00FAA547 /* LaunchScreen.storyboard in Resources */,
				010A4824227B89EC00FAA547 /* Assets.xcassets in Resources */,
				010A4822227B89E900FAA547 /* Main.storyboard in Resources */,
			);
			runOnlyForDeploymentPostprocessing = 0;
		};
/* End PBXResourcesBuildPhase section */

/* Begin PBXSourcesBuildPhase section */
		010A4813227B89E900FAA547 /* Sources */ = {
			isa = PBXSourcesBuildPhase;
			buildActionMask = 2147483647;
			files = (
				010A4832227B92D300FAA547 /* Government.m in Sources */,
				016F7B90227C7F38001C9EAB /* Pensioner.m in Sources */,
				010A481F227B89E900FAA547 /* ViewController.m in Sources */,
				010A482A227B89EC00FAA547 /* main.m in Sources */,
				010A481C227B89E900FAA547 /* AppDelegate.m in Sources */,
				016F7B8D227C64F0001C9EAB /* Doctor.m in Sources */,
				016F7B93227C7F51001C9EAB /* Businessman.m in Sources */,
			);
			runOnlyForDeploymentPostprocessing = 0;
		};
/* End PBXSourcesBuildPhase section */

/* Begin PBXVariantGroup section */
		010A4820227B89E900FAA547 /* Main.storyboard */ = {
			isa = PBXVariantGroup;
			children = (
				010A4821227B89E900FAA547 /* Base */,
			);
			name = Main.storyboard;
			sourceTree = "<group>";
		};
		010A4825227B89EC00FAA547 /* LaunchScreen.storyboard */ = {
			isa = PBXVariantGroup;
			children = (
				010A4826227B89EC00FAA547 /* Base */,
			);
			name = LaunchScreen.storyboard;
			sourceTree = "<group>";
		};
/* End PBXVariantGroup section */

/* Begin XCBuildConfiguration section */
		010A482B227B89EC00FAA547 /* Debug */ = {
			isa = XCBuildConfiguration;
			buildSettings = {
				ALWAYS_SEARCH_USER_PATHS = NO;
				CLANG_ANALYZER_NONNULL = YES;
				CLANG_ANALYZER_NUMBER_OBJECT_CONVERSION = YES_AGGRESSIVE;
				CLANG_CXX_LANGUAGE_STANDARD = "gnu++14";
				CLANG_CXX_LIBRARY = "libc++";
				CLANG_ENABLE_MODULES = YES;
				CLANG_ENABLE_OBJC_ARC = YES;
				CLANG_ENABLE_OBJC_WEAK = YES;
				CLANG_WARN_BLOCK_CAPTURE_AUTORELEASING = YES;
				CLANG_WARN_BOOL_CONVERSION = YES;
				CLANG_WARN_COMMA = YES;
				CLANG_WARN_CONSTANT_CONVERSION = YES;
				CLANG_WARN_DEPRECATED_OBJC_IMPLEMENTATIONS = YES;
				CLANG_WARN_DIRECT_OBJC_ISA_USAGE = YES_ERROR;
				CLANG_WARN_DOCUMENTATION_COMMENTS = YES;
				CLANG_WARN_EMPTY_BODY = YES;
				CLANG_WARN_ENUM_CONVERSION = YES;
				CLANG_WARN_INFINITE_RECURSION = YES;
				CLANG_WARN_INT_CONVERSION = YES;
				CLANG_WARN_NON_LITERAL_NULL_CONVERSION = YES;
				CLANG_WARN_OBJC_IMPLICIT_RETAIN_SELF = YES;
				CLANG_WARN_OBJC_LITERAL_CONVERSION = YES;
				CLANG_WARN_OBJC_ROOT_CLASS = YES_ERROR;
				CLANG_WARN_RANGE_LOOP_ANALYSIS = YES;
				CLANG_WARN_STRICT_PROTOTYPES = YES;
				CLANG_WARN_SUSPICIOUS_MOVE = YES;
				CLANG_WARN_UNGUARDED_AVAILABILITY = YES_AGGRESSIVE;
				CLANG_WARN_UNREACHABLE_CODE = YES;
				CLANG_WARN__DUPLICATE_METHOD_MATCH = YES;
				CODE_SIGN_IDENTITY = "iPhone Developer";
				COPY_PHASE_STRIP = NO;
				DEBUG_INFORMATION_FORMAT = dwarf;
				ENABLE_STRICT_OBJC_MSGSEND = YES;
				ENABLE_TESTABILITY = YES;
				GCC_C_LANGUAGE_STANDARD = gnu11;
				GCC_DYNAMIC_NO_PIC = NO;
				GCC_NO_COMMON_BLOCKS = YES;
				GCC_OPTIMIZATION_LEVEL = 0;
				GCC_PREPROCESSOR_DEFINITIONS = (
					"DEBUG=1",
					"$(inherited)",
				);
				GCC_WARN_64_TO_32_BIT_CONVERSION = YES;
				GCC_WARN_ABOUT_RETURN_TYPE = YES_ERROR;
				GCC_WARN_UNDECLARED_SELECTOR = YES;
				GCC_WARN_UNINITIALIZED_AUTOS = YES_AGGRESSIVE;
				GCC_WARN_UNUSED_FUNCTION = YES;
				GCC_WARN_UNUSED_VARIABLE = YES;
				IPHONEOS_DEPLOYMENT_TARGET = 12.1;
				MTL_ENABLE_DEBUG_INFO = INCLUDE_SOURCE;
				MTL_FAST_MATH = YES;
				ONLY_ACTIVE_ARCH = YES;
				SDKROOT = iphoneos;
			};
			name = Debug;
		};
		010A482C227B89EC00FAA547 /* Release */ = {
			isa = XCBuildConfiguration;
			buildSettings = {
				ALWAYS_SEARCH_USER_PATHS = NO;
				CLANG_ANALYZER_NONNULL = YES;
				CLANG_ANALYZER_NUMBER_OBJECT_CONVERSION = YES_AGGRESSIVE;
				CLANG_CXX_LANGUAGE_STANDARD = "gnu++14";
				CLANG_CXX_LIBRARY = "libc++";
				CLANG_ENABLE_MODULES = YES;
				CLANG_ENABLE_OBJC_ARC = YES;
				CLANG_ENABLE_OBJC_WEAK = YES;
				CLANG_WARN_BLOCK_CAPTURE_AUTORELEASING = YES;
				CLANG_WARN_BOOL_CONVERSION = YES;
				CLANG_WARN_COMMA = YES;
				CLANG_WARN_CONSTANT_CONVERSION = YES;
				CLANG_WARN_DEPRECATED_OBJC_IMPLEMENTATIONS = YES;
				CLANG_WARN_DIRECT_OBJC_ISA_USAGE = YES_ERROR;
				CLANG_WARN_DOCUMENTATION_COMMENTS = YES;
				CLANG_WARN_EMPTY_BODY = YES;
				CLANG_WARN_ENUM_CONVERSION = YES;
				CLANG_WARN_INFINITE_RECURSION = YES;
				CLANG_WARN_INT_CONVERSION = YES;
				CLANG_WARN_NON_LITERAL_NULL_CONVERSION = YES;
				CLANG_WARN_OBJC_IMPLICIT_RETAIN_SELF = YES;
				CLANG_WARN_OBJC_LITERAL_CONVERSION = YES;
				CLANG_WARN_OBJC_ROOT_CLASS = YES_ERROR;
				CLANG_WARN_RANGE_LOOP_ANALYSIS = YES;
				CLANG_WARN_STRICT_PROTOTYPES = YES;
				CLANG_WARN_SUSPICIOUS_MOVE = YES;
				CLANG_WARN_UNGUARDED_AVAILABILITY = YES_AGGRESSIVE;
				CLANG_WARN_UNREACHABLE_CODE = YES;
				CLANG_WARN__DUPLICATE_METHOD_MATCH = YES;
				CODE_SIGN_IDENTITY = "iPhone Developer";
				COPY_PHASE_STRIP = NO;
				DEBUG_INFORMATION_FORMAT = "dwarf-with-dsym";
				ENABLE_NS_ASSERTIONS = NO;
				ENABLE_STRICT_OBJC_MSGSEND = YES;
				GCC_C_LANGUAGE_STANDARD = gnu11;
				GCC_NO_COMMON_BLOCKS = YES;
				GCC_WARN_64_TO_32_BIT_CONVERSION = YES;
				GCC_WARN_ABOUT_RETURN_TYPE = YES_ERROR;
				GCC_WARN_UNDECLARED_SELECTOR = YES;
				GCC_WARN_UNINITIALIZED_AUTOS = YES_AGGRESSIVE;
				GCC_WARN_UNUSED_FUNCTION = YES;
				GCC_WARN_UNUSED_VARIABLE = YES;
				IPHONEOS_DEPLOYMENT_TARGET = 12.1;
				MTL_ENABLE_DEBUG_INFO = NO;
				MTL_FAST_MATH = YES;
				SDKROOT = iphoneos;
				VALIDATE_PRODUCT = YES;
			};
			name = Release;
		};
		010A482E227B89EC00FAA547 /* Debug */ = {
			isa = XCBuildConfiguration;
			buildSettings = {
				ASSETCATALOG_COMPILER_APPICON_NAME = AppIcon;
				CODE_SIGN_STYLE = Automatic;
				INFOPLIST_FILE = HW10Notifications/Info.plist;
				LD_RUNPATH_SEARCH_PATHS = (
					"$(inherited)",
					"@executable_path/Frameworks",
				);
				PRODUCT_BUNDLE_IDENTIFIER = nick.HW10Notifications;
				PRODUCT_NAME = "$(TARGET_NAME)";
				TARGETED_DEVICE_FAMILY = "1,2";
			};
			name = Debug;
		};
		010A482F227B89EC00FAA547 /* Release */ = {
			isa = XCBuildConfiguration;
			buildSettings = {
				ASSETCATALOG_COMPILER_APPICON_NAME = AppIcon;
				CODE_SIGN_STYLE = Automatic;
				INFOPLIST_FILE = HW10Notifications/Info.plist;
				LD_RUNPATH_SEARCH_PATHS = (
					"$(inherited)",
					"@executable_path/Frameworks",
				);
				PRODUCT_BUNDLE_IDENTIFIER = nick.HW10Notifications;
				PRODUCT_NAME = "$(TARGET_NAME)";
				TARGETED_DEVICE_FAMILY = "1,2";
			};
			name = Release;
		};
/* End XCBuildConfiguration section */

/* Begin XCConfigurationList section */
		010A4812227B89E900FAA547 /* Build configuration list for PBXProject "HW10Notifications" */ = {
			isa = XCConfigurationList;
			buildConfigurations = (
				010A482B227B89EC00FAA547 /* Debug */,
				010A482C227B89EC00FAA547 /* Release */,
			);
			defaultConfigurationIsVisible = 0;
			defaultConfigurationName = Release;
		};
		010A482D227B89EC00FAA547 /* Build configuration list for PBXNativeTarget "HW10Notifications" */ = {
			isa = XCConfigurationList;
			buildConfigurations = (
				010A482E227B89EC00FAA547 /* Debug */,
				010A482F227B89EC00FAA547 /* Release */,
			);
			defaultConfigurationIsVisible = 0;
			defaultConfigurationName = Release;
		};
/* End XCConfigurationList section */
	};
	rootObject = 010A480F227B89E900FAA547 /* Project object */;
}
